
Microsoft Visual Studio Solution File, Format Version 12.00
# Visual Studio Version 16
VisualStudioVersion = 16.0.30907.101
MinimumVisualStudioVersion = 10.0.40219.1
Project("{9A19103F-16F7-4668-BE54-9A1E7A4F7556}") = "BlazorApp", "BlazorApp.csproj", "{C1B3C744-19C4-4E64-B960-CC1DB9B5857D}"
EndProject
Global
	GlobalSection(SolutionConfigurationPlatforms) = preSolution
		Debug|Any CPU = Debug|Any CPU
		Release|Any CPU = Release|Any CPU
	EndGlobalSection
	GlobalSection(ProjectConfigurationPlatforms) = postSolution
		{C1B3C744-19C4-4E64-B960-CC1DB9B5857D}.Debug|Any CPU.ActiveCfg = Debug|Any CPU
		{C1B3C744-19C4-4E64-B960-CC1DB9B5857D}.Debug|Any CPU.Build.0 = Debug|Any CPU
		{C1B3C744-19C4-4E64-B960-CC1DB9B5857D}.Release|Any CPU.ActiveCfg = Release|Any CPU
		{C1B3C744-19C4-4E64-B960-CC1DB9B5857D}.Release|Any CPU.Build.0 = Release|Any CPU
	EndGlobalSection
	GlobalSection(SolutionProperties) = preSolution
		HideSolutionNode = FALSE
	EndGlobalSection
	GlobalSection(ExtensibilityGlobals) = postSolution
		SolutionGuid = {8DD3D602-6566-4BDC-8FCA-F4380346FEA4}
	EndGlobalSection
EndGlobal
